
Microsoft Visual Studio Solution File, Format Version 12.00
# Visual Studio Version 17
VisualStudioVersion = 17.10.35013.160
MinimumVisualStudioVersion = 10.0.40219.1
Project("{FAE04EC0-301F-11D3-BF4B-00C04F79EFBC}") = "Listdatastruct", "Listdatastruct.csproj", "{E8782D14-7B26-4EC2-8B71-0157518EE2EC}"
EndProject
Project("{FAE04EC0-301F-11D3-BF4B-00C04F79EFBC}") = "MyArraytest", "..\MyArraytest\MyArraytest.csproj", "{2DBF57D5-EBC1-469E-843D-3A86FE54411D}"
EndProject
Global
	GlobalSection(SolutionConfigurationPlatforms) = preSolution
		Debug|Any CPU = Debug|Any CPU
		Release|Any CPU = Release|Any CPU
	EndGlobalSection
	GlobalSection(ProjectConfigurationPlatforms) = postSolution
		{E8782D14-7B26-4EC2-8B71-0157518EE2EC}.Debug|Any CPU.ActiveCfg = Debug|Any CPU
		{E8782D14-7B26-4EC2-8B71-0157518EE2EC}.Debug|Any CPU.Build.0 = Debug|Any CPU
		{E8782D14-7B26-4EC2-8B71-0157518EE2EC}.Release|Any CPU.ActiveCfg = Release|Any CPU
		{E8782D14-7B26-4EC2-8B71-0157518EE2EC}.Release|Any CPU.Build.0 = Release|Any CPU
		{2DBF57D5-EBC1-469E-843D-3A86FE54411D}.Debug|Any CPU.ActiveCfg = Debug|Any CPU
		{2DBF57D5-EBC1-469E-843D-3A86FE54411D}.Debug|Any CPU.Build.0 = Debug|Any CPU
		{2DBF57D5-EBC1-469E-843D-3A86FE54411D}.Release|Any CPU.ActiveCfg = Release|Any CPU
		{2DBF57D5-EBC1-469E-843D-3A86FE54411D}.Release|Any CPU.Build.0 = Release|Any CPU
	EndGlobalSection
	GlobalSection(SolutionProperties) = preSolution
		HideSolutionNode = FALSE
	EndGlobalSection
	GlobalSection(ExtensibilityGlobals) = postSolution
		SolutionGuid = {D78A50F5-5A77-4947-94CE-645B27811922}
	EndGlobalSection
EndGlobal
